{
  "name": "dxffirebase",
  "version": "1.0.0",
  "lockfileVersion": 1,
  "requires": true,
  "dependencies": {
    "bitwise": {
      "version": "1.5.2",
      "resolved": "https://registry.npmjs.org/bitwise/-/bitwise-1.5.2.tgz",
      "integrity": "sha512-ud35crmZQTO6jAhCxmpDO8cMgu8h72wBxwd+0fzFKETX8Iz0BkB7PkBNabAWgq3DZm1rSr1LKobUucBneo0hxA=="
    },
    "bluebird": {
      "version": "3.7.2",
      "resolved": "https://registry.npmjs.org/bluebird/-/bluebird-3.7.2.tgz",
      "integrity": "sha512-XpNj6GDQzdfW+r2Wnn7xiSAd7TM3jzkxGXBGTtWKuSXv1xUV+azxAm8jdWZN06QTQk+2N2XB9jRDkvbmQmcRtg=="
    },
    "dxf2json": {
      "version": "1.0.3",
      "resolved": "https://registry.npmjs.org/dxf2json/-/dxf2json-1.0.3.tgz",
      "integrity": "sha512-Ps5ww+nGl0QrS0hYgNkB3If50PXGwhPAblOFfx/EDawpENJavup7Hks6R1EzTAlLSVMd47N5aTP+Hab4xH15WQ==",
      "requires": {
        "bitwise": "^1.4.0",
        "bluebird": "^3.5.1"
      }
    }
  }
}
